
Microsoft Visual Studio Solution File, Format Version 12.00
# Visual Studio Version 17
VisualStudioVersion = 17.5.33516.290
MinimumVisualStudioVersion = 10.0.40219.1
Project("{FAE04EC0-301F-11D3-BF4B-00C04F79EFBC}") = "UI_", "UI_\UI_.csproj", "{F8736A87-7026-4AF1-90A1-C5ED21DA6D09}"
EndProject
Project("{FAE04EC0-301F-11D3-BF4B-00C04F79EFBC}") = "Patient", "Patient\Patient.csproj", "{AA11678E-49F5-4A02-B100-7AE6B019FB91}"
EndProject
Project("{FAE04EC0-301F-11D3-BF4B-00C04F79EFBC}") = "Services", "Services\Services.csproj", "{BBB7AAA4-AD05-4E98-8063-8EF0B2DF8AFE}"
EndProject
Global
	GlobalSection(SolutionConfigurationPlatforms) = preSolution
		Debug|Any CPU = Debug|Any CPU
		Release|Any CPU = Release|Any CPU
	EndGlobalSection
	GlobalSection(ProjectConfigurationPlatforms) = postSolution
		{F8736A87-7026-4AF1-90A1-C5ED21DA6D09}.Debug|Any CPU.ActiveCfg = Debug|Any CPU
		{F8736A87-7026-4AF1-90A1-C5ED21DA6D09}.Debug|Any CPU.Build.0 = Debug|Any CPU
		{F8736A87-7026-4AF1-90A1-C5ED21DA6D09}.Release|Any CPU.ActiveCfg = Release|Any CPU
		{F8736A87-7026-4AF1-90A1-C5ED21DA6D09}.Release|Any CPU.Build.0 = Release|Any CPU
		{AA11678E-49F5-4A02-B100-7AE6B019FB91}.Debug|Any CPU.ActiveCfg = Debug|Any CPU
		{AA11678E-49F5-4A02-B100-7AE6B019FB91}.Debug|Any CPU.Build.0 = Debug|Any CPU
		{AA11678E-49F5-4A02-B100-7AE6B019FB91}.Release|Any CPU.ActiveCfg = Release|Any CPU
		{AA11678E-49F5-4A02-B100-7AE6B019FB91}.Release|Any CPU.Build.0 = Release|Any CPU
		{BBB7AAA4-AD05-4E98-8063-8EF0B2DF8AFE}.Debug|Any CPU.ActiveCfg = Debug|Any CPU
		{BBB7AAA4-AD05-4E98-8063-8EF0B2DF8AFE}.Debug|Any CPU.Build.0 = Debug|Any CPU
		{BBB7AAA4-AD05-4E98-8063-8EF0B2DF8AFE}.Release|Any CPU.ActiveCfg = Release|Any CPU
		{BBB7AAA4-AD05-4E98-8063-8EF0B2DF8AFE}.Release|Any CPU.Build.0 = Release|Any CPU
	EndGlobalSection
	GlobalSection(SolutionProperties) = preSolution
		HideSolutionNode = FALSE
	EndGlobalSection
	GlobalSection(ExtensibilityGlobals) = postSolution
		SolutionGuid = {4D33BA31-A720-4F0C-BB17-8EA5DA55B8EF}
	EndGlobalSection
EndGlobal
